
Microsoft Visual Studio Solution File, Format Version 12.00
# Visual Studio 2013
VisualStudioVersion = 12.0.30501.0
MinimumVisualStudioVersion = 10.0.40219.1
Project("{00D1A9C2-B5F0-4AF3-8072-F6C62B433612}") = "AdventureWorksExample", "AdventureWorksExample\AdventureWorksExample.sqlproj", "{77C3BEAA-2AB0-4505-886B-E7442886C9CA}"
EndProject
Project("{00D1A9C2-B5F0-4AF3-8072-F6C62B433612}") = "AdventureWorksUnitTests", "AdventureWorksUnitTests\AdventureWorksUnitTests.sqlproj", "{909390E9-9661-4EBF-B5B4-27D6ECD76752}"
EndProject
Project("{FAE04EC0-301F-11D3-BF4B-00C04F79EFBC}") = "TestRunner", "TestRunner\TestRunner.csproj", "{D989B581-3321-4962-BDFC-08BB2D84A198}"
EndProject
Global
	GlobalSection(SolutionConfigurationPlatforms) = preSolution
		Debug|Any CPU = Debug|Any CPU
		Release|Any CPU = Release|Any CPU
	EndGlobalSection
	GlobalSection(ProjectConfigurationPlatforms) = postSolution
		{77C3BEAA-2AB0-4505-886B-E7442886C9CA}.Debug|Any CPU.ActiveCfg = Debug|Any CPU
		{77C3BEAA-2AB0-4505-886B-E7442886C9CA}.Debug|Any CPU.Build.0 = Debug|Any CPU
		{77C3BEAA-2AB0-4505-886B-E7442886C9CA}.Debug|Any CPU.Deploy.0 = Debug|Any CPU
		{77C3BEAA-2AB0-4505-886B-E7442886C9CA}.Release|Any CPU.ActiveCfg = Release|Any CPU
		{77C3BEAA-2AB0-4505-886B-E7442886C9CA}.Release|Any CPU.Build.0 = Release|Any CPU
		{77C3BEAA-2AB0-4505-886B-E7442886C9CA}.Release|Any CPU.Deploy.0 = Release|Any CPU
		{909390E9-9661-4EBF-B5B4-27D6ECD76752}.Debug|Any CPU.ActiveCfg = Debug|Any CPU
		{909390E9-9661-4EBF-B5B4-27D6ECD76752}.Debug|Any CPU.Build.0 = Debug|Any CPU
		{909390E9-9661-4EBF-B5B4-27D6ECD76752}.Debug|Any CPU.Deploy.0 = Debug|Any CPU
		{909390E9-9661-4EBF-B5B4-27D6ECD76752}.Release|Any CPU.ActiveCfg = Release|Any CPU
		{909390E9-9661-4EBF-B5B4-27D6ECD76752}.Release|Any CPU.Build.0 = Release|Any CPU
		{909390E9-9661-4EBF-B5B4-27D6ECD76752}.Release|Any CPU.Deploy.0 = Release|Any CPU
		{D989B581-3321-4962-BDFC-08BB2D84A198}.Debug|Any CPU.ActiveCfg = Debug|Any CPU
		{D989B581-3321-4962-BDFC-08BB2D84A198}.Debug|Any CPU.Build.0 = Debug|Any CPU
		{D989B581-3321-4962-BDFC-08BB2D84A198}.Release|Any CPU.ActiveCfg = Release|Any CPU
		{D989B581-3321-4962-BDFC-08BB2D84A198}.Release|Any CPU.Build.0 = Release|Any CPU
	EndGlobalSection
	GlobalSection(SolutionProperties) = preSolution
		HideSolutionNode = FALSE
	EndGlobalSection
EndGlobal
